
Microsoft Visual Studio Solution File, Format Version 12.00
# Visual Studio 15
Project("{FAE04EC0-301F-11D3-BF4B-00C04F79EFBC}") = "Assembly-CSharp", "Assembly-CSharp.csproj", "{B1235EE4-71EE-C815-28F8-C3378E5ADB84}"
EndProject
Project("{FAE04EC0-301F-11D3-BF4B-00C04F79EFBC}") = "spine-unity-examples", "spine-unity-examples.csproj", "{1BF531C8-BCEB-8B4B-A827-AD914FC9515E}"
EndProject
Project("{FAE04EC0-301F-11D3-BF4B-00C04F79EFBC}") = "spine-unity", "spine-unity.csproj", "{37F5D717-51B2-146E-2D9F-3C3BA0C5D773}"
EndProject
Project("{FAE04EC0-301F-11D3-BF4B-00C04F79EFBC}") = "spine-unity-editor", "spine-unity-editor.csproj", "{4006C856-6303-54E7-D3D0-EFE05C3C6763}"
EndProject
Project("{FAE04EC0-301F-11D3-BF4B-00C04F79EFBC}") = "Assembly-CSharp-Editor", "Assembly-CSharp-Editor.csproj", "{473D78C7-2901-75B9-26E4-79E5B40C0FF9}"
EndProject
Project("{FAE04EC0-301F-11D3-BF4B-00C04F79EFBC}") = "spine-unity-examples-editor", "spine-unity-examples-editor.csproj", "{C6153780-72DD-9407-06B9-A9C4ACBCB8E4}"
EndProject
Global
	GlobalSection(SolutionConfigurationPlatforms) = preSolution
		Debug|Any CPU = Debug|Any CPU
		Release|Any CPU = Release|Any CPU
	EndGlobalSection
	GlobalSection(ProjectConfigurationPlatforms) = postSolution
		{B1235EE4-71EE-C815-28F8-C3378E5ADB84}.Debug|Any CPU.ActiveCfg = Debug|Any CPU
		{B1235EE4-71EE-C815-28F8-C3378E5ADB84}.Debug|Any CPU.Build.0 = Debug|Any CPU
		{B1235EE4-71EE-C815-28F8-C3378E5ADB84}.Release|Any CPU.ActiveCfg = Release|Any CPU
		{B1235EE4-71EE-C815-28F8-C3378E5ADB84}.Release|Any CPU.Build.0 = Release|Any CPU
		{1BF531C8-BCEB-8B4B-A827-AD914FC9515E}.Debug|Any CPU.ActiveCfg = Debug|Any CPU
		{1BF531C8-BCEB-8B4B-A827-AD914FC9515E}.Debug|Any CPU.Build.0 = Debug|Any CPU
		{1BF531C8-BCEB-8B4B-A827-AD914FC9515E}.Release|Any CPU.ActiveCfg = Release|Any CPU
		{1BF531C8-BCEB-8B4B-A827-AD914FC9515E}.Release|Any CPU.Build.0 = Release|Any CPU
		{37F5D717-51B2-146E-2D9F-3C3BA0C5D773}.Debug|Any CPU.ActiveCfg = Debug|Any CPU
		{37F5D717-51B2-146E-2D9F-3C3BA0C5D773}.Debug|Any CPU.Build.0 = Debug|Any CPU
		{37F5D717-51B2-146E-2D9F-3C3BA0C5D773}.Release|Any CPU.ActiveCfg = Release|Any CPU
		{37F5D717-51B2-146E-2D9F-3C3BA0C5D773}.Release|Any CPU.Build.0 = Release|Any CPU
		{4006C856-6303-54E7-D3D0-EFE05C3C6763}.Debug|Any CPU.ActiveCfg = Debug|Any CPU
		{4006C856-6303-54E7-D3D0-EFE05C3C6763}.Debug|Any CPU.Build.0 = Debug|Any CPU
		{4006C856-6303-54E7-D3D0-EFE05C3C6763}.Release|Any CPU.ActiveCfg = Release|Any CPU
		{4006C856-6303-54E7-D3D0-EFE05C3C6763}.Release|Any CPU.Build.0 = Release|Any CPU
		{473D78C7-2901-75B9-26E4-79E5B40C0FF9}.Debug|Any CPU.ActiveCfg = Debug|Any CPU
		{473D78C7-2901-75B9-26E4-79E5B40C0FF9}.Debug|Any CPU.Build.0 = Debug|Any CPU
		{473D78C7-2901-75B9-26E4-79E5B40C0FF9}.Release|Any CPU.ActiveCfg = Release|Any CPU
		{473D78C7-2901-75B9-26E4-79E5B40C0FF9}.Release|Any CPU.Build.0 = Release|Any CPU
		{C6153780-72DD-9407-06B9-A9C4ACBCB8E4}.Debug|Any CPU.ActiveCfg = Debug|Any CPU
		{C6153780-72DD-9407-06B9-A9C4ACBCB8E4}.Debug|Any CPU.Build.0 = Debug|Any CPU
		{C6153780-72DD-9407-06B9-A9C4ACBCB8E4}.Release|Any CPU.ActiveCfg = Release|Any CPU
		{C6153780-72DD-9407-06B9-A9C4ACBCB8E4}.Release|Any CPU.Build.0 = Release|Any CPU
	EndGlobalSection
	GlobalSection(SolutionProperties) = preSolution
		HideSolutionNode = FALSE
	EndGlobalSection
EndGlobal
